// !$*UTF8*$!
{
	archiveVersion = 1;
	classes = {
	};
	objectVersion = 46;
	objects = {

/* Begin PBXBuildFile section */
		FF3119471ACF553C005A9301 /* add.png in Resources */ = {isa = PBXBuildFile; fileRef = FF3119461ACF553C005A9301 /* add.png */; };
		FF7048F31ACF6FD100B03290 /* delet.png in Resources */ = {isa = PBXBuildFile; fileRef = FF7048F21ACF6FD100B03290 /* delet.png */; };
		FF7048F51ACF827A00B03290 /* updates.png in Resources */ = {isa = PBXBuildFile; fileRef = FF7048F41ACF827A00B03290 /* updates.png */; };
		FF7048FE1AD06C3600B03290 /* libz.1.2.5.dylib in Frameworks */ = {isa = PBXBuildFile; fileRef = FF7048FD1AD06C3600B03290 /* libz.1.2.5.dylib */; };
		FF7049291AD07B8900B03290 /* ruta.m in Sources */ = {isa = PBXBuildFile; fileRef = FF7049281AD07B8900B03290 /* ruta.m */; };
		FF72426A1ACDDB9C0090235A /* detalleLogin.m in Sources */ = {isa = PBXBuildFile; fileRef = FF7242691ACDDB9C0090235A /* detalleLogin.m */; };
		FF7B50921AAF3FFD009992EC /* main.m in Sources */ = {isa = PBXBuildFile; fileRef = FF7B50911AAF3FFD009992EC /* main.m */; };
		FF7B50951AAF3FFD009992EC /* AppDelegate.m in Sources */ = {isa = PBXBuildFile; fileRef = FF7B50941AAF3FFD009992EC /* AppDelegate.m */; };
		FF7B50981AAF3FFD009992EC /* Home.m in Sources */ = {isa = PBXBuildFile; fileRef = FF7B50971AAF3FFD009992EC /* Home.m */; };
		FF7B509B1AAF3FFD009992EC /* Main.storyboard in Resources */ = {isa = PBXBuildFile; fileRef = FF7B50991AAF3FFD009992EC /* Main.storyboard */; };
		FF7B509D1AAF3FFD009992EC /* Images.xcassets in Resources */ = {isa = PBXBuildFile; fileRef = FF7B509C1AAF3FFD009992EC /* Images.xcassets */; };
		FF7B50A01AAF3FFD009992EC /* LaunchScreen.xib in Resources */ = {isa = PBXBuildFile; fileRef = FF7B509E1AAF3FFD009992EC /* LaunchScreen.xib */; };
		FF7B50AC1AAF3FFD009992EC /* gasOaxTests.m in Sources */ = {isa = PBXBuildFile; fileRef = FF7B50AB1AAF3FFD009992EC /* gasOaxTests.m */; };
		FF7B50B71AAF4094009992EC /* GoogleMaps.framework in Frameworks */ = {isa = PBXBuildFile; fileRef = FF7B50B61AAF4094009992EC /* GoogleMaps.framework */; };
		FF7B50B91AAF40A4009992EC /* GoogleMaps.bundle in Resources */ = {isa = PBXBuildFile; fileRef = FF7B50B81AAF40A4009992EC /* GoogleMaps.bundle */; };
		FF7B50BC1AAF40CA009992EC /* AVFoundation.framework in Frameworks */ = {isa = PBXBuildFile; fileRef = FF7B50BB1AAF40CA009992EC /* AVFoundation.framework */; };
		FF7B50BE1AAF40D2009992EC /* CoreData.framework in Frameworks */ = {isa = PBXBuildFile; fileRef = FF7B50BD1AAF40D2009992EC /* CoreData.framework */; };
		FF7B50C01AAF40D9009992EC /* CoreLocation.framework in Frameworks */ = {isa = PBXBuildFile; fileRef = FF7B50BF1AAF40D9009992EC /* CoreLocation.framework */; };
		FF7B50C21AAF40E3009992EC /* CoreText.framework in Frameworks */ = {isa = PBXBuildFile; fileRef = FF7B50C11AAF40E3009992EC /* CoreText.framework */; };
		FF7B50C41AAF40EB009992EC /* GLKit.framework in Frameworks */ = {isa = PBXBuildFile; fileRef = FF7B50C31AAF40EB009992EC /* GLKit.framework */; };
		FF7B50C61AAF40F3009992EC /* ImageIO.framework in Frameworks */ = {isa = PBXBuildFile; fileRef = FF7B50C51AAF40F3009992EC /* ImageIO.framework */; };
		FF7B50C81AAF40FE009992EC /* libc++.dylib in Frameworks */ = {isa = PBXBuildFile; fileRef = FF7B50C71AAF40FE009992EC /* libc++.dylib */; };
		FF7B50CA1AAF4105009992EC /* libicucore.dylib in Frameworks */ = {isa = PBXBuildFile; fileRef = FF7B50C91AAF4105009992EC /* libicucore.dylib */; };
		FF7B50CC1AAF410F009992EC /* libz.dylib in Frameworks */ = {isa = PBXBuildFile; fileRef = FF7B50CB1AAF410F009992EC /* libz.dylib */; };
		FF7B50CE1AAF4117009992EC /* OpenGLES.framework in Frameworks */ = {isa = PBXBuildFile; fileRef = FF7B50CD1AAF4117009992EC /* OpenGLES.framework */; };
		FF7B50D01AAF4120009992EC /* QuartzCore.framework in Frameworks */ = {isa = PBXBuildFile; fileRef = FF7B50CF1AAF4120009992EC /* QuartzCore.framework */; };
		FF7B50D21AAF4128009992EC /* SystemConfiguration.framework in Frameworks */ = {isa = PBXBuildFile; fileRef = FF7B50D11AAF4128009992EC /* SystemConfiguration.framework */; };
		FF7B51061AAF4B3B009992EC /* MobileCoreServices.framework in Frameworks */ = {isa = PBXBuildFile; fileRef = FF7B51051AAF4B3B009992EC /* MobileCoreServices.framework */; };
		FF7B510B1AAF4FCC009992EC /* AudioToolbox.framework in Frameworks */ = {isa = PBXBuildFile; fileRef = FF7B510A1AAF4FCC009992EC /* AudioToolbox.framework */; };
		FF7B510D1AAF4FD7009992EC /* CFNetwork.framework in Frameworks */ = {isa = PBXBuildFile; fileRef = FF7B510C1AAF4FD7009992EC /* CFNetwork.framework */; };
		FF7B510F1AAF4FE0009992EC /* CoreGraphics.framework in Frameworks */ = {isa = PBXBuildFile; fileRef = FF7B510E1AAF4FE0009992EC /* CoreGraphics.framework */; };
		FF7B51111AAF5002009992EC /* Security.framework in Frameworks */ = {isa = PBXBuildFile; fileRef = FF7B51101AAF5002009992EC /* Security.framework */; };
		FF7B51131AAF500B009992EC /* StoreKit.framework in Frameworks */ = {isa = PBXBuildFile; fileRef = FF7B51121AAF500B009992EC /* StoreKit.framework */; };
		FF7B51151AAF5016009992EC /* libsqlite3.dylib in Frameworks */ = {isa = PBXBuildFile; fileRef = FF7B51141AAF5016009992EC /* libsqlite3.dylib */; };
		FF7B51171AAF55EB009992EC /* AdSupport.framework in Frameworks */ = {isa = PBXBuildFile; fileRef = FF7B51161AAF55EB009992EC /* AdSupport.framework */; };
		FF7B51191AAF55FD009992EC /* UIKit.framework in Frameworks */ = {isa = PBXBuildFile; fileRef = FF7B51181AAF55FD009992EC /* UIKit.framework */; };
		FF7B511B1AAF5605009992EC /* Accounts.framework in Frameworks */ = {isa = PBXBuildFile; fileRef = FF7B511A1AAF5605009992EC /* Accounts.framework */; };
		FF7B511D1AAF5C33009992EC /* Twitter.framework in Frameworks */ = {isa = PBXBuildFile; fileRef = FF7B511C1AAF5C33009992EC /* Twitter.framework */; };
		FF7B51271AAF6F50009992EC /* libstdc++.6.dylib in Frameworks */ = {isa = PBXBuildFile; fileRef = FF7B51261AAF6F50009992EC /* libstdc++.6.dylib */; };
		FF7B51291AAF6FA9009992EC /* Social.framework in Frameworks */ = {isa = PBXBuildFile; fileRef = FF7B51281AAF6FA9009992EC /* Social.framework */; };
		FF7B51371AAF7B2D009992EC /* Foundation.framework in Frameworks */ = {isa = PBXBuildFile; fileRef = FF7B51361AAF7B2D009992EC /* Foundation.framework */; };
		FF7B513D1AAF7E10009992EC /* MessageUI.framework in Frameworks */ = {isa = PBXBuildFile; fileRef = FF7B513C1AAF7E10009992EC /* MessageUI.framework */; };
		FF7BB5B81ACE0EA600BCB932 /* loginout.png in Resources */ = {isa = PBXBuildFile; fileRef = FF7BB5B71ACE0EA600BCB932 /* loginout.png */; };
		FF7BB5C11ACE325400BCB932 /* mail2.png in Resources */ = {isa = PBXBuildFile; fileRef = FF7BB5C01ACE325400BCB932 /* mail2.png */; };
		FF7BB5C31ACE472000BCB932 /* btniconderight.png in Resources */ = {isa = PBXBuildFile; fileRef = FF7BB5C21ACE472000BCB932 /* btniconderight.png */; };
		FF7BB5C61ACF2E3000BCB932 /* ListaViewController.m in Sources */ = {isa = PBXBuildFile; fileRef = FF7BB5C51ACF2E3000BCB932 /* ListaViewController.m */; };
		FF7BB5CC1ACF4C9900BCB932 /* cellTableServicio.m in Sources */ = {isa = PBXBuildFile; fileRef = FF7BB5CB1ACF4C9900BCB932 /* cellTableServicio.m */; };
		FF922D371AAF8C87000D8CB3 /* Parse.framework in Frameworks */ = {isa = PBXBuildFile; fileRef = FF922D361AAF8C87000D8CB3 /* Parse.framework */; };
		FF922D3C1AAFC22E000D8CB3 /* ubicacion.m in Sources */ = {isa = PBXBuildFile; fileRef = FF922D3B1AAFC22E000D8CB3 /* ubicacion.m */; };
		FF922D3F1AAFE588000D8CB3 /* pedido.m in Sources */ = {isa = PBXBuildFile; fileRef = FF922D3E1AAFE588000D8CB3 /* pedido.m */; };
		FF922D421AB0A14A000D8CB3 /* backgroundgasnatural.png in Resources */ = {isa = PBXBuildFile; fileRef = FF922D411AB0A14A000D8CB3 /* backgroundgasnatural.png */; };
		FF922D441AB0A296000D8CB3 /* gasnatural.png in Resources */ = {isa = PBXBuildFile; fileRef = FF922D431AB0A296000D8CB3 /* gasnatural.png */; };
		FF922D521AB0B59C000D8CB3 /* icon1@2x.png in Resources */ = {isa = PBXBuildFile; fileRef = FF922D511AB0B59C000D8CB3 /* icon1@2x.png */; };
		FF922D541AB0B5E5000D8CB3 /* icon@2x.png in Resources */ = {isa = PBXBuildFile; fileRef = FF922D531AB0B5E5000D8CB3 /* icon@2x.png */; };
		FF922D561AB0C8EC000D8CB3 /* btnicon.png in Resources */ = {isa = PBXBuildFile; fileRef = FF922D551AB0C8EC000D8CB3 /* btnicon.png */; };
		FF922D591AB0DE5A000D8CB3 /* compra.m in Sources */ = {isa = PBXBuildFile; fileRef = FF922D581AB0DE5A000D8CB3 /* compra.m */; };
		FF922D5B1AB0E0A4000D8CB3 /* recarga.png in Resources */ = {isa = PBXBuildFile; fileRef = FF922D5A1AB0E0A4000D8CB3 /* recarga.png */; };
		FF922D5D1AB0E48D000D8CB3 /* iconmap.png in Resources */ = {isa = PBXBuildFile; fileRef = FF922D5C1AB0E48D000D8CB3 /* iconmap.png */; };
		FF922D5F1AB0E53E000D8CB3 /* btniconmap.png in Resources */ = {isa = PBXBuildFile; fileRef = FF922D5E1AB0E53E000D8CB3 /* btniconmap.png */; };
		FF922D621AB0E789000D8CB3 /* atencion.m in Sources */ = {isa = PBXBuildFile; fileRef = FF922D611AB0E789000D8CB3 /* atencion.m */; };
		FF922D661AB10046000D8CB3 /* atencion.png in Resources */ = {isa = PBXBuildFile; fileRef = FF922D651AB10046000D8CB3 /* atencion.png */; };
		FF922D6B1AB13659000D8CB3 /* backCompra.png in Resources */ = {isa = PBXBuildFile; fileRef = FF922D6A1AB13659000D8CB3 /* backCompra.png */; };
		FF922D6D1AB13A6A000D8CB3 /* backpago.jpg in Resources */ = {isa = PBXBuildFile; fileRef = FF922D6C1AB13A6A000D8CB3 /* backpago.jpg */; };
		FF922D6F1AB3BA64000D8CB3 /* camera.png in Resources */ = {isa = PBXBuildFile; fileRef = FF922D6E1AB3BA64000D8CB3 /* camera.png */; };
		FF922D731AC46EA5000D8CB3 /* MediaPlayer.framework in Frameworks */ = {isa = PBXBuildFile; fileRef = FF922D721AC46EA5000D8CB3 /* MediaPlayer.framework */; };
		FFA032931ACC9DC500891DD0 /* LoginController.m in Sources */ = {isa = PBXBuildFile; fileRef = FFA032921ACC9DC500891DD0 /* LoginController.m */; };
		FFA032BD1ACCB5B700891DD0 /* Bolts.framework in Frameworks */ = {isa = PBXBuildFile; fileRef = FFA032BC1ACCB5B700891DD0 /* Bolts.framework */; };
		FFA032C31ACCB7BE00891DD0 /* FBSDKCoreKit.framework in Frameworks */ = {isa = PBXBuildFile; fileRef = FFA032BF1ACCB7BE00891DD0 /* FBSDKCoreKit.framework */; };
		FFA032C41ACCB7BE00891DD0 /* FBSDKLoginKit.framework in Frameworks */ = {isa = PBXBuildFile; fileRef = FFA032C01ACCB7BE00891DD0 /* FBSDKLoginKit.framework */; };
		FFA032C51ACCB7BE00891DD0 /* FBSDKShareKit.framework in Frameworks */ = {isa = PBXBuildFile; fileRef = FFA032C11ACCB7BE00891DD0 /* FBSDKShareKit.framework */; };
/* End PBXBuildFile section */

/* Begin PBXContainerItemProxy section */
		FF7B50A61AAF3FFD009992EC /* PBXContainerItemProxy */ = {
			isa = PBXContainerItemProxy;
			containerPortal = FF7B50841AAF3FFD009992EC /* Project object */;
			proxyType = 1;
			remoteGlobalIDString = FF7B508B1AAF3FFD009992EC;
			remoteInfo = gasOax;
		};
/* End PBXContainerItemProxy section */

/* Begin PBXFileReference section */
		FF3119461ACF553C005A9301 /* add.png */ = {isa = PBXFileReference; lastKnownFileType = image.png; path = add.png; sourceTree = "<group>"; };
		FF7048F21ACF6FD100B03290 /* delet.png */ = {isa = PBXFileReference; lastKnownFileType = image.png; path = delet.png; sourceTree = "<group>"; };
		FF7048F41ACF827A00B03290 /* updates.png */ = {isa = PBXFileReference; lastKnownFileType = image.png; path = updates.png; sourceTree = "<group>"; };
		FF7048FD1AD06C3600B03290 /* libz.1.2.5.dylib */ = {isa = PBXFileReference; lastKnownFileType = "compiled.mach-o.dylib"; name = libz.1.2.5.dylib; path = usr/lib/libz.1.2.5.dylib; sourceTree = SDKROOT; };
		FF7049271AD07B8900B03290 /* ruta.h */ = {isa = PBXFileReference; fileEncoding = 4; lastKnownFileType = sourcecode.c.h; path = ruta.h; sourceTree = "<group>"; };
		FF7049281AD07B8900B03290 /* ruta.m */ = {isa = PBXFileReference; fileEncoding = 4; lastKnownFileType = sourcecode.c.objc; path = ruta.m; sourceTree = "<group>"; };
		FF7242681ACDDB9C0090235A /* detalleLogin.h */ = {isa = PBXFileReference; fileEncoding = 4; lastKnownFileType = sourcecode.c.h; path = detalleLogin.h; sourceTree = "<group>"; };
		FF7242691ACDDB9C0090235A /* detalleLogin.m */ = {isa = PBXFileReference; fileEncoding = 4; lastKnownFileType = sourcecode.c.objc; path = detalleLogin.m; sourceTree = "<group>"; };
		FF7B508C1AAF3FFD009992EC /* gasOax.app */ = {isa = PBXFileReference; explicitFileType = wrapper.application; includeInIndex = 0; path = gasOax.app; sourceTree = BUILT_PRODUCTS_DIR; };
		FF7B50901AAF3FFD009992EC /* Info.plist */ = {isa = PBXFileReference; lastKnownFileType = text.plist.xml; path = Info.plist; sourceTree = "<group>"; };
		FF7B50911AAF3FFD009992EC /* main.m */ = {isa = PBXFileReference; lastKnownFileType = sourcecode.c.objc; path = main.m; sourceTree = "<group>"; };
		FF7B50931AAF3FFD009992EC /* AppDelegate.h */ = {isa = PBXFileReference; lastKnownFileType = sourcecode.c.h; path = AppDelegate.h; sourceTree = "<group>"; };
		FF7B50941AAF3FFD009992EC /* AppDelegate.m */ = {isa = PBXFileReference; lastKnownFileType = sourcecode.c.objc; path = AppDelegate.m; sourceTree = "<group>"; };
		FF7B50961AAF3FFD009992EC /* Home.h */ = {isa = PBXFileReference; lastKnownFileType = sourcecode.c.h; path = Home.h; sourceTree = "<group>"; };
		FF7B50971AAF3FFD009992EC /* Home.m */ = {isa = PBXFileReference; lastKnownFileType = sourcecode.c.objc; path = Home.m; sourceTree = "<group>"; };
		FF7B509A1AAF3FFD009992EC /* Base */ = {isa = PBXFileReference; lastKnownFileType = file.storyboard; name = Base; path = Base.lproj/Main.storyboard; sourceTree = "<group>"; };
		FF7B509C1AAF3FFD009992EC /* Images.xcassets */ = {isa = PBXFileReference; lastKnownFileType = folder.assetcatalog; path = Images.xcassets; sourceTree = "<group>"; };
		FF7B509F1AAF3FFD009992EC /* Base */ = {isa = PBXFileReference; lastKnownFileType = file.xib; name = Base; path = Base.lproj/LaunchScreen.xib; sourceTree = "<group>"; };
		FF7B50A51AAF3FFD009992EC /* gasOaxTests.xctest */ = {isa = PBXFileReference; explicitFileType = wrapper.cfbundle; includeInIndex = 0; path = gasOaxTests.xctest; sourceTree = BUILT_PRODUCTS_DIR; };
		FF7B50AA1AAF3FFD009992EC /* Info.plist */ = {isa = PBXFileReference; lastKnownFileType = text.plist.xml; path = Info.plist; sourceTree = "<group>"; };
		FF7B50AB1AAF3FFD009992EC /* gasOaxTests.m */ = {isa = PBXFileReference; lastKnownFileType = sourcecode.c.objc; path = gasOaxTests.m; sourceTree = "<group>"; };
		FF7B50B61AAF4094009992EC /* GoogleMaps.framework */ = {isa = PBXFileReference; lastKnownFileType = wrapper.framework; path = GoogleMaps.framework; sourceTree = "<group>"; };
		FF7B50B81AAF40A4009992EC /* GoogleMaps.bundle */ = {isa = PBXFileReference; lastKnownFileType = "wrapper.plug-in"; path = GoogleMaps.bundle; sourceTree = "<group>"; };
		FF7B50BB1AAF40CA009992EC /* AVFoundation.framework */ = {isa = PBXFileReference; lastKnownFileType = wrapper.framework; name = AVFoundation.framework; path = System/Library/Frameworks/AVFoundation.framework; sourceTree = SDKROOT; };
		FF7B50BD1AAF40D2009992EC /* CoreData.framework */ = {isa = PBXFileReference; lastKnownFileType = wrapper.framework; name = CoreData.framework; path = System/Library/Frameworks/CoreData.framework; sourceTree = SDKROOT; };
		FF7B50BF1AAF40D9009992EC /* CoreLocation.framework */ = {isa = PBXFileReference; lastKnownFileType = wrapper.framework; name = CoreLocation.framework; path = System/Library/Frameworks/CoreLocation.framework; sourceTree = SDKROOT; };
		FF7B50C11AAF40E3009992EC /* CoreText.framework */ = {isa = PBXFileReference; lastKnownFileType = wrapper.framework; name = CoreText.framework; path = System/Library/Frameworks/CoreText.framework; sourceTree = SDKROOT; };
		FF7B50C31AAF40EB009992EC /* GLKit.framework */ = {isa = PBXFileReference; lastKnownFileType = wrapper.framework; name = GLKit.framework; path = System/Library/Frameworks/GLKit.framework; sourceTree = SDKROOT; };
		FF7B50C51AAF40F3009992EC /* ImageIO.framework */ = {isa = PBXFileReference; lastKnownFileType = wrapper.framework; name = ImageIO.framework; path = System/Library/Frameworks/ImageIO.framework; sourceTree = SDKROOT; };
		FF7B50C71AAF40FE009992EC /* libc++.dylib */ = {isa = PBXFileReference; lastKnownFileType = "compiled.mach-o.dylib"; name = "libc++.dylib"; path = "usr/lib/libc++.dylib"; sourceTree = SDKROOT; };
		FF7B50C91AAF4105009992EC /* libicucore.dylib */ = {isa = PBXFileReference; lastKnownFileType = "compiled.mach-o.dylib"; name = libicucore.dylib; path = usr/lib/libicucore.dylib; sourceTree = SDKROOT; };
		FF7B50CB1AAF410F009992EC /* libz.dylib */ = {isa = PBXFileReference; lastKnownFileType = "compiled.mach-o.dylib"; name = libz.dylib; path = usr/lib/libz.dylib; sourceTree = SDKROOT; };
		FF7B50CD1AAF4117009992EC /* OpenGLES.framework */ = {isa = PBXFileReference; lastKnownFileType = wrapper.framework; name = OpenGLES.framework; path = System/Library/Frameworks/OpenGLES.framework; sourceTree = SDKROOT; };
		FF7B50CF1AAF4120009992EC /* QuartzCore.framework */ = {isa = PBXFileReference; lastKnownFileType = wrapper.framework; name = QuartzCore.framework; path = System/Library/Frameworks/QuartzCore.framework; sourceTree = SDKROOT; };
		FF7B50D11AAF4128009992EC /* SystemConfiguration.framework */ = {isa = PBXFileReference; lastKnownFileType = wrapper.framework; name = SystemConfiguration.framework; path = System/Library/Frameworks/SystemConfiguration.framework; sourceTree = SDKROOT; };
		FF7B51051AAF4B3B009992EC /* MobileCoreServices.framework */ = {isa = PBXFileReference; lastKnownFileType = wrapper.framework; name = MobileCoreServices.framework; path = System/Library/Frameworks/MobileCoreServices.framework; sourceTree = SDKROOT; };
		FF7B510A1AAF4FCC009992EC /* AudioToolbox.framework */ = {isa = PBXFileReference; lastKnownFileType = wrapper.framework; name = AudioToolbox.framework; path = System/Library/Frameworks/AudioToolbox.framework; sourceTree = SDKROOT; };
		FF7B510C1AAF4FD7009992EC /* CFNetwork.framework */ = {isa = PBXFileReference; lastKnownFileType = wrapper.framework; name = CFNetwork.framework; path = System/Library/Frameworks/CFNetwork.framework; sourceTree = SDKROOT; };
		FF7B510E1AAF4FE0009992EC /* CoreGraphics.framework */ = {isa = PBXFileReference; lastKnownFileType = wrapper.framework; name = CoreGraphics.framework; path = System/Library/Frameworks/CoreGraphics.framework; sourceTree = SDKROOT; };
		FF7B51101AAF5002009992EC /* Security.framework */ = {isa = PBXFileReference; lastKnownFileType = wrapper.framework; name = Security.framework; path = System/Library/Frameworks/Security.framework; sourceTree = SDKROOT; };
		FF7B51121AAF500B009992EC /* StoreKit.framework */ = {isa = PBXFileReference; lastKnownFileType = wrapper.framework; name = StoreKit.framework; path = System/Library/Frameworks/StoreKit.framework; sourceTree = SDKROOT; };
		FF7B51141AAF5016009992EC /* libsqlite3.dylib */ = {isa = PBXFileReference; lastKnownFileType = "compiled.mach-o.dylib"; name = libsqlite3.dylib; path = usr/lib/libsqlite3.dylib; sourceTree = SDKROOT; };
		FF7B51161AAF55EB009992EC /* AdSupport.framework */ = {isa = PBXFileReference; lastKnownFileType = wrapper.framework; name = AdSupport.framework; path = System/Library/Frameworks/AdSupport.framework; sourceTree = SDKROOT; };
		FF7B51181AAF55FD009992EC /* UIKit.framework */ = {isa = PBXFileReference; lastKnownFileType = wrapper.framework; name = UIKit.framework; path = System/Library/Frameworks/UIKit.framework; sourceTree = SDKROOT; };
		FF7B511A1AAF5605009992EC /* Accounts.framework */ = {isa = PBXFileReference; lastKnownFileType = wrapper.framework; name = Accounts.framework; path = System/Library/Frameworks/Accounts.framework; sourceTree = SDKROOT; };
		FF7B511C1AAF5C33009992EC /* Twitter.framework */ = {isa = PBXFileReference; lastKnownFileType = wrapper.framework; name = Twitter.framework; path = System/Library/Frameworks/Twitter.framework; sourceTree = SDKROOT; };
		FF7B51261AAF6F50009992EC /* libstdc++.6.dylib */ = {isa = PBXFileReference; lastKnownFileType = "compiled.mach-o.dylib"; name = "libstdc++.6.dylib"; path = "usr/lib/libstdc++.6.dylib"; sourceTree = SDKROOT; };
		FF7B51281AAF6FA9009992EC /* Social.framework */ = {isa = PBXFileReference; lastKnownFileType = wrapper.framework; name = Social.framework; path = System/Library/Frameworks/Social.framework; sourceTree = SDKROOT; };
		FF7B51361AAF7B2D009992EC /* Foundation.framework */ = {isa = PBXFileReference; lastKnownFileType = wrapper.framework; name = Foundation.framework; path = System/Library/Frameworks/Foundation.framework; sourceTree = SDKROOT; };
		FF7B513C1AAF7E10009992EC /* MessageUI.framework */ = {isa = PBXFileReference; lastKnownFileType = wrapper.framework; name = MessageUI.framework; path = System/Library/Frameworks/MessageUI.framework; sourceTree = SDKROOT; };
		FF7BB5B71ACE0EA600BCB932 /* loginout.png */ = {isa = PBXFileReference; lastKnownFileType = image.png; path = loginout.png; sourceTree = "<group>"; };
		FF7BB5C01ACE325400BCB932 /* mail2.png */ = {isa = PBXFileReference; lastKnownFileType = image.png; path = mail2.png; sourceTree = "<group>"; };
		FF7BB5C21ACE472000BCB932 /* btniconderight.png */ = {isa = PBXFileReference; lastKnownFileType = image.png; path = btniconderight.png; sourceTree = "<group>"; };
		FF7BB5C41ACF2E3000BCB932 /* ListaViewController.h */ = {isa = PBXFileReference; fileEncoding = 4; lastKnownFileType = sourcecode.c.h; path = ListaViewController.h; sourceTree = "<group>"; };
		FF7BB5C51ACF2E3000BCB932 /* ListaViewController.m */ = {isa = PBXFileReference; fileEncoding = 4; lastKnownFileType = sourcecode.c.objc; path = ListaViewController.m; sourceTree = "<group>"; };
		FF7BB5CA1ACF4C9900BCB932 /* cellTableServicio.h */ = {isa = PBXFileReference; fileEncoding = 4; lastKnownFileType = sourcecode.c.h; path = cellTableServicio.h; sourceTree = "<group>"; };
		FF7BB5CB1ACF4C9900BCB932 /* cellTableServicio.m */ = {isa = PBXFileReference; fileEncoding = 4; lastKnownFileType = sourcecode.c.objc; path = cellTableServicio.m; sourceTree = "<group>"; };
		FF922D361AAF8C87000D8CB3 /* Parse.framework */ = {isa = PBXFileReference; lastKnownFileType = wrapper.framework; path = Parse.framework; sourceTree = "<group>"; };
		FF922D3A1AAFC22E000D8CB3 /* ubicacion.h */ = {isa = PBXFileReference; fileEncoding = 4; lastKnownFileType = sourcecode.c.h; path = ubicacion.h; sourceTree = "<group>"; };
		FF922D3B1AAFC22E000D8CB3 /* ubicacion.m */ = {isa = PBXFileReference; fileEncoding = 4; lastKnownFileType = sourcecode.c.objc; path = ubicacion.m; sourceTree = "<group>"; };
		FF922D3D1AAFE588000D8CB3 /* pedido.h */ = {isa = PBXFileReference; fileEncoding = 4; lastKnownFileType = sourcecode.c.h; path = pedido.h; sourceTree = "<group>"; };
		FF922D3E1AAFE588000D8CB3 /* pedido.m */ = {isa = PBXFileReference; fileEncoding = 4; lastKnownFileType = sourcecode.c.objc; path = pedido.m; sourceTree = "<group>"; };
		FF922D411AB0A14A000D8CB3 /* backgroundgasnatural.png */ = {isa = PBXFileReference; lastKnownFileType = image.png; path = backgroundgasnatural.png; sourceTree = "<group>"; };
		FF922D431AB0A296000D8CB3 /* gasnatural.png */ = {isa = PBXFileReference; lastKnownFileType = image.png; path = gasnatural.png; sourceTree = "<group>"; };
		FF922D511AB0B59C000D8CB3 /* icon1@2x.png */ = {isa = PBXFileReference; lastKnownFileType = image.png; path = "icon1@2x.png"; sourceTree = "<group>"; };
		FF922D531AB0B5E5000D8CB3 /* icon@2x.png */ = {isa = PBXFileReference; lastKnownFileType = image.png; path = "icon@2x.png"; sourceTree = "<group>"; };
		FF922D551AB0C8EC000D8CB3 /* btnicon.png */ = {isa = PBXFileReference; lastKnownFileType = image.png; path = btnicon.png; sourceTree = "<group>"; };
		FF922D571AB0DE5A000D8CB3 /* compra.h */ = {isa = PBXFileReference; fileEncoding = 4; lastKnownFileType = sourcecode.c.h; name = compra.h; path = ../compra.h; sourceTree = "<group>"; };
		FF922D581AB0DE5A000D8CB3 /* compra.m */ = {isa = PBXFileReference; fileEncoding = 4; lastKnownFileType = sourcecode.c.objc; name = compra.m; path = ../compra.m; sourceTree = "<group>"; };
		FF922D5A1AB0E0A4000D8CB3 /* recarga.png */ = {isa = PBXFileReference; lastKnownFileType = image.png; path = recarga.png; sourceTree = "<group>"; };
		FF922D5C1AB0E48D000D8CB3 /* iconmap.png */ = {isa = PBXFileReference; lastKnownFileType = image.png; path = iconmap.png; sourceTree = "<group>"; };
		FF922D5E1AB0E53E000D8CB3 /* btniconmap.png */ = {isa = PBXFileReference; lastKnownFileType = image.png; path = btniconmap.png; sourceTree = "<group>"; };
		FF922D601AB0E789000D8CB3 /* atencion.h */ = {isa = PBXFileReference; fileEncoding = 4; lastKnownFileType = sourcecode.c.h; path = atencion.h; sourceTree = "<group>"; };
		FF922D611AB0E789000D8CB3 /* atencion.m */ = {isa = PBXFileReference; fileEncoding = 4; lastKnownFileType = sourcecode.c.objc; path = atencion.m; sourceTree = "<group>"; };
		FF922D651AB10046000D8CB3 /* atencion.png */ = {isa = PBXFileReference; lastKnownFileType = image.png; path = atencion.png; sourceTree = "<group>"; };
		FF922D6A1AB13659000D8CB3 /* backCompra.png */ = {isa = PBXFileReference; lastKnownFileType = image.png; path = backCompra.png; sourceTree = "<group>"; };
		FF922D6C1AB13A6A000D8CB3 /* backpago.jpg */ = {isa = PBXFileReference; lastKnownFileType = image.jpeg; path = backpago.jpg; sourceTree = "<group>"; };
		FF922D6E1AB3BA64000D8CB3 /* camera.png */ = {isa = PBXFileReference; lastKnownFileType = image.png; path = camera.png; sourceTree = "<group>"; };
		FF922D721AC46EA5000D8CB3 /* MediaPlayer.framework */ = {isa = PBXFileReference; lastKnownFileType = wrapper.framework; name = MediaPlayer.framework; path = System/Library/Frameworks/MediaPlayer.framework; sourceTree = SDKROOT; };
		FFA032911ACC9DC500891DD0 /* LoginController.h */ = {isa = PBXFileReference; fileEncoding = 4; lastKnownFileType = sourcecode.c.h; name = LoginController.h; path = ../LoginController.h; sourceTree = "<group>"; };
		FFA032921ACC9DC500891DD0 /* LoginController.m */ = {isa = PBXFileReference; fileEncoding = 4; lastKnownFileType = sourcecode.c.objc; name = LoginController.m; path = ../LoginController.m; sourceTree = "<group>"; };
		FFA032BC1ACCB5B700891DD0 /* Bolts.framework */ = {isa = PBXFileReference; lastKnownFileType = wrapper.framework; path = Bolts.framework; sourceTree = "<group>"; };
		FFA032BF1ACCB7BE00891DD0 /* FBSDKCoreKit.framework */ = {isa = PBXFileReference; lastKnownFileType = wrapper.framework; name = FBSDKCoreKit.framework; path = ../../FacebookSDK/FBSDKCoreKit.framework; sourceTree = "<group>"; };
		FFA032C01ACCB7BE00891DD0 /* FBSDKLoginKit.framework */ = {isa = PBXFileReference; lastKnownFileType = wrapper.framework; name = FBSDKLoginKit.framework; path = ../../FacebookSDK/FBSDKLoginKit.framework; sourceTree = "<group>"; };
		FFA032C11ACCB7BE00891DD0 /* FBSDKShareKit.framework */ = {isa = PBXFileReference; lastKnownFileType = wrapper.framework; name = FBSDKShareKit.framework; path = ../../FacebookSDK/FBSDKShareKit.framework; sourceTree = "<group>"; };
/* End PBXFileReference section */

/* Begin PBXFrameworksBuildPhase section */
		FF7B50891AAF3FFD009992EC /* Frameworks */ = {
			isa = PBXFrameworksBuildPhase;
			buildActionMask = 2147483647;
			files = (
				FF7048FE1AD06C3600B03290 /* libz.1.2.5.dylib in Frameworks */,
				FFA032C41ACCB7BE00891DD0 /* FBSDKLoginKit.framework in Frameworks */,
				FF922D731AC46EA5000D8CB3 /* MediaPlayer.framework in Frameworks */,
				FF7B513D1AAF7E10009992EC /* MessageUI.framework in Frameworks */,
				FF7B51371AAF7B2D009992EC /* Foundation.framework in Frameworks */,
				FFA032BD1ACCB5B700891DD0 /* Bolts.framework in Frameworks */,
				FF7B51291AAF6FA9009992EC /* Social.framework in Frameworks */,
				FF7B51271AAF6F50009992EC /* libstdc++.6.dylib in Frameworks */,
				FF7B511D1AAF5C33009992EC /* Twitter.framework in Frameworks */,
				FF7B511B1AAF5605009992EC /* Accounts.framework in Frameworks */,
				FF7B51191AAF55FD009992EC /* UIKit.framework in Frameworks */,
				FF7B51171AAF55EB009992EC /* AdSupport.framework in Frameworks */,
				FF7B51151AAF5016009992EC /* libsqlite3.dylib in Frameworks */,
				FF7B51131AAF500B009992EC /* StoreKit.framework in Frameworks */,
				FF7B51111AAF5002009992EC /* Security.framework in Frameworks */,
				FF7B510F1AAF4FE0009992EC /* CoreGraphics.framework in Frameworks */,
				FF922D371AAF8C87000D8CB3 /* Parse.framework in Frameworks */,
				FFA032C51ACCB7BE00891DD0 /* FBSDKShareKit.framework in Frameworks */,
				FF7B510D1AAF4FD7009992EC /* CFNetwork.framework in Frameworks */,
				FF7B510B1AAF4FCC009992EC /* AudioToolbox.framework in Frameworks */,
				FF7B51061AAF4B3B009992EC /* MobileCoreServices.framework in Frameworks */,
				FF7B50D21AAF4128009992EC /* SystemConfiguration.framework in Frameworks */,
				FF7B50D01AAF4120009992EC /* QuartzCore.framework in Frameworks */,
				FF7B50CE1AAF4117009992EC /* OpenGLES.framework in Frameworks */,
				FF7B50CC1AAF410F009992EC /* libz.dylib in Frameworks */,
				FF7B50CA1AAF4105009992EC /* libicucore.dylib in Frameworks */,
				FF7B50C81AAF40FE009992EC /* libc++.dylib in Frameworks */,
				FFA032C31ACCB7BE00891DD0 /* FBSDKCoreKit.framework in Frameworks */,
				FF7B50C61AAF40F3009992EC /* ImageIO.framework in Frameworks */,
				FF7B50C41AAF40EB009992EC /* GLKit.framework in Frameworks */,
				FF7B50C21AAF40E3009992EC /* CoreText.framework in Frameworks */,
				FF7B50C01AAF40D9009992EC /* CoreLocation.framework in Frameworks */,
				FF7B50BE1AAF40D2009992EC /* CoreData.framework in Frameworks */,
				FF7B50BC1AAF40CA009992EC /* AVFoundation.framework in Frameworks */,
				FF7B50B71AAF4094009992EC /* GoogleMaps.framework in Frameworks */,
			);
			runOnlyForDeploymentPostprocessing = 0;
		};
		FF7B50A21AAF3FFD009992EC /* Frameworks */ = {
			isa = PBXFrameworksBuildPhase;
			buildActionMask = 2147483647;
			files = (
			);
			runOnlyForDeploymentPostprocessing = 0;
		};
/* End PBXFrameworksBuildPhase section */

/* Begin PBXGroup section */
		FF7242671ACDDB4E0090235A /* Login */ = {
			isa = PBXGroup;
			children = (
				FFA032911ACC9DC500891DD0 /* LoginController.h */,
				FFA032921ACC9DC500891DD0 /* LoginController.m */,
				FF7242681ACDDB9C0090235A /* detalleLogin.h */,
				FF7242691ACDDB9C0090235A /* detalleLogin.m */,
			);
			name = Login;
			sourceTree = "<group>";
		};
		FF7B50831AAF3FFD009992EC = {
			isa = PBXGroup;
			children = (
				FF922D401AB0A13A000D8CB3 /* imagen */,
				FF7B51071AAF4F84009992EC /* parse */,
				FF7B50BA1AAF40B4009992EC /* libs */,
				FF7B50B51AAF4054009992EC /* googlemaps */,
				FF7B508E1AAF3FFD009992EC /* gasOax */,
				FF7B50A81AAF3FFD009992EC /* gasOaxTests */,
				FF7B508D1AAF3FFD009992EC /* Products */,
			);
			sourceTree = "<group>";
		};
		FF7B508D1AAF3FFD009992EC /* Products */ = {
			isa = PBXGroup;
			children = (
				FF7B508C1AAF3FFD009992EC /* gasOax.app */,
				FF7B50A51AAF3FFD009992EC /* gasOaxTests.xctest */,
			);
			name = Products;
			sourceTree = "<group>";
		};
		FF7B508E1AAF3FFD009992EC /* gasOax */ = {
			isa = PBXGroup;
			children = (
				FF7BB5BA1ACE0FBE00BCB932 /* Home */,
				FF7BB5B91ACE0FB100BCB932 /* ruta */,
				FF7BB5B61ACE0D2500BCB932 /* compra */,
				FF7BB5B51ACE0D1500BCB932 /* atencion */,
				FF7BB5B41ACE0CFD00BCB932 /* pedido */,
				FF7BB5B31ACE0CEB00BCB932 /* ubicacion */,
				FF7242671ACDDB4E0090235A /* Login */,
				FF7B50931AAF3FFD009992EC /* AppDelegate.h */,
				FF7B50941AAF3FFD009992EC /* AppDelegate.m */,
				FF7B50991AAF3FFD009992EC /* Main.storyboard */,
				FF7B509C1AAF3FFD009992EC /* Images.xcassets */,
				FF7B509E1AAF3FFD009992EC /* LaunchScreen.xib */,
				FF7B508F1AAF3FFD009992EC /* Supporting Files */,
			);
			path = gasOax;
			sourceTree = "<group>";
		};
		FF7B508F1AAF3FFD009992EC /* Supporting Files */ = {
			isa = PBXGroup;
			children = (
				FF922D531AB0B5E5000D8CB3 /* icon@2x.png */,
				FF922D511AB0B59C000D8CB3 /* icon1@2x.png */,
				FF7B50901AAF3FFD009992EC /* Info.plist */,
				FF7B50911AAF3FFD009992EC /* main.m */,
			);
			name = "Supporting Files";
			sourceTree = "<group>";
		};
		FF7B50A81AAF3FFD009992EC /* gasOaxTests */ = {
			isa = PBXGroup;
			children = (
				FF7B50AB1AAF3FFD009992EC /* gasOaxTests.m */,
				FF7B50A91AAF3FFD009992EC /* Supporting Files */,
			);
			path = gasOaxTests;
			sourceTree = "<group>";
		};
		FF7B50A91AAF3FFD009992EC /* Supporting Files */ = {
			isa = PBXGroup;
			children = (
				FF7B50AA1AAF3FFD009992EC /* Info.plist */,
			);
			name = "Supporting Files";
			sourceTree = "<group>";
		};
		FF7B50B51AAF4054009992EC /* googlemaps */ = {
			isa = PBXGroup;
			children = (
				FF7B50B81AAF40A4009992EC /* GoogleMaps.bundle */,
				FF7B50B61AAF4094009992EC /* GoogleMaps.framework */,
			);
			name = googlemaps;
			sourceTree = "<group>";
		};
		FF7B50BA1AAF40B4009992EC /* libs */ = {
			isa = PBXGroup;
			children = (
				FF7048FD1AD06C3600B03290 /* libz.1.2.5.dylib */,
				FFA032BF1ACCB7BE00891DD0 /* FBSDKCoreKit.framework */,
				FFA032C01ACCB7BE00891DD0 /* FBSDKLoginKit.framework */,
				FFA032C11ACCB7BE00891DD0 /* FBSDKShareKit.framework */,
				FF922D721AC46EA5000D8CB3 /* MediaPlayer.framework */,
				FF7B513C1AAF7E10009992EC /* MessageUI.framework */,
				FF7B51361AAF7B2D009992EC /* Foundation.framework */,
				FF7B51281AAF6FA9009992EC /* Social.framework */,
				FF7B51261AAF6F50009992EC /* libstdc++.6.dylib */,
				FF7B511C1AAF5C33009992EC /* Twitter.framework */,
				FF7B51161AAF55EB009992EC /* AdSupport.framework */,
				FF7B51181AAF55FD009992EC /* UIKit.framework */,
				FF7B511A1AAF5605009992EC /* Accounts.framework */,
				FF7B510A1AAF4FCC009992EC /* AudioToolbox.framework */,
				FF7B510C1AAF4FD7009992EC /* CFNetwork.framework */,
				FF7B510E1AAF4FE0009992EC /* CoreGraphics.framework */,
				FF7B51101AAF5002009992EC /* Security.framework */,
				FF7B51121AAF500B009992EC /* StoreKit.framework */,
				FF7B51141AAF5016009992EC /* libsqlite3.dylib */,
				FF7B51051AAF4B3B009992EC /* MobileCoreServices.framework */,
				FF7B50BB1AAF40CA009992EC /* AVFoundation.framework */,
				FF7B50BD1AAF40D2009992EC /* CoreData.framework */,
				FF7B50BF1AAF40D9009992EC /* CoreLocation.framework */,
				FF7B50C11AAF40E3009992EC /* CoreText.framework */,
				FF7B50C31AAF40EB009992EC /* GLKit.framework */,
				FF7B50C51AAF40F3009992EC /* ImageIO.framework */,
				FF7B50C71AAF40FE009992EC /* libc++.dylib */,
				FF7B50C91AAF4105009992EC /* libicucore.dylib */,
				FF7B50CB1AAF410F009992EC /* libz.dylib */,
				FF7B50CD1AAF4117009992EC /* OpenGLES.framework */,
				FF7B50CF1AAF4120009992EC /* QuartzCore.framework */,
				FF7B50D11AAF4128009992EC /* SystemConfiguration.framework */,
			);
			name = libs;
			sourceTree = "<group>";
		};
		FF7B51071AAF4F84009992EC /* parse */ = {
			isa = PBXGroup;
			children = (
				FFA032BC1ACCB5B700891DD0 /* Bolts.framework */,
				FF922D361AAF8C87000D8CB3 /* Parse.framework */,
			);
			name = parse;
			sourceTree = "<group>";
		};
		FF7BB5B31ACE0CEB00BCB932 /* ubicacion */ = {
			isa = PBXGroup;
			children = (
				FF922D3A1AAFC22E000D8CB3 /* ubicacion.h */,
				FF922D3B1AAFC22E000D8CB3 /* ubicacion.m */,
			);
			name = ubicacion;
			sourceTree = "<group>";
		};
		FF7BB5B41ACE0CFD00BCB932 /* pedido */ = {
			isa = PBXGroup;
			children = (
				FF922D3D1AAFE588000D8CB3 /* pedido.h */,
				FF922D3E1AAFE588000D8CB3 /* pedido.m */,
			);
			name = pedido;
			sourceTree = "<group>";
		};
		FF7BB5B51ACE0D1500BCB932 /* atencion */ = {
			isa = PBXGroup;
			children = (
				FF922D601AB0E789000D8CB3 /* atencion.h */,
				FF922D611AB0E789000D8CB3 /* atencion.m */,
			);
			name = atencion;
			sourceTree = "<group>";
		};
		FF7BB5B61ACE0D2500BCB932 /* compra */ = {
			isa = PBXGroup;
			children = (
				FF922D571AB0DE5A000D8CB3 /* compra.h */,
				FF922D581AB0DE5A000D8CB3 /* compra.m */,
				FF7BB5C41ACF2E3000BCB932 /* ListaViewController.h */,
				FF7BB5C51ACF2E3000BCB932 /* ListaViewController.m */,
				FF7BB5CA1ACF4C9900BCB932 /* cellTableServicio.h */,
				FF7BB5CB1ACF4C9900BCB932 /* cellTableServicio.m */,
			);
			name = compra;
			sourceTree = "<group>";
		};
		FF7BB5B91ACE0FB100BCB932 /* ruta */ = {
			isa = PBXGroup;
			children = (
				FF7049271AD07B8900B03290 /* ruta.h */,
				FF7049281AD07B8900B03290 /* ruta.m */,
			);
			name = ruta;
			sourceTree = "<group>";
		};
		FF7BB5BA1ACE0FBE00BCB932 /* Home */ = {
			isa = PBXGroup;
			children = (
				FF7B50961AAF3FFD009992EC /* Home.h */,
				FF7B50971AAF3FFD009992EC /* Home.m */,
			);
			name = Home;
			sourceTree = "<group>";
		};
		FF922D401AB0A13A000D8CB3 /* imagen */ = {
			isa = PBXGroup;
			children = (
				FF7048F41ACF827A00B03290 /* updates.png */,
				FF7048F21ACF6FD100B03290 /* delet.png */,
				FF3119461ACF553C005A9301 /* add.png */,
				FF7BB5C21ACE472000BCB932 /* btniconderight.png */,
				FF7BB5C01ACE325400BCB932 /* mail2.png */,
				FF7BB5B71ACE0EA600BCB932 /* loginout.png */,
				FF922D6E1AB3BA64000D8CB3 /* camera.png */,
				FF922D6C1AB13A6A000D8CB3 /* backpago.jpg */,
				FF922D6A1AB13659000D8CB3 /* backCompra.png */,
				FF922D651AB10046000D8CB3 /* atencion.png */,
				FF922D5E1AB0E53E000D8CB3 /* btniconmap.png */,
				FF922D5C1AB0E48D000D8CB3 /* iconmap.png */,
				FF922D5A1AB0E0A4000D8CB3 /* recarga.png */,
				FF922D551AB0C8EC000D8CB3 /* btnicon.png */,
				FF922D431AB0A296000D8CB3 /* gasnatural.png */,
				FF922D411AB0A14A000D8CB3 /* backgroundgasnatural.png */,
			);
			name = imagen;
			sourceTree = "<group>";
		};
/* End PBXGroup section */

/* Begin PBXNativeTarget section */
		FF7B508B1AAF3FFD009992EC /* gasOax */ = {
			isa = PBXNativeTarget;
			buildConfigurationList = FF7B50AF1AAF3FFD009992EC /* Build configuration list for PBXNativeTarget "gasOax" */;
			buildPhases = (
				FF7B50881AAF3FFD009992EC /* Sources */,
				FF7B50891AAF3FFD009992EC /* Frameworks */,
				FF7B508A1AAF3FFD009992EC /* Resources */,
			);
			buildRules = (
			);
			dependencies = (
			);
			name = gasOax;
			productName = gasOax;
			productReference = FF7B508C1AAF3FFD009992EC /* gasOax.app */;
			productType = "com.apple.product-type.application";
		};
		FF7B50A41AAF3FFD009992EC /* gasOaxTests */ = {
			isa = PBXNativeTarget;
			buildConfigurationList = FF7B50B21AAF3FFD009992EC /* Build configuration list for PBXNativeTarget "gasOaxTests" */;
			buildPhases = (
				FF7B50A11AAF3FFD009992EC /* Sources */,
				FF7B50A21AAF3FFD009992EC /* Frameworks */,
				FF7B50A31AAF3FFD009992EC /* Resources */,
			);
			buildRules = (
			);
			dependencies = (
				FF7B50A71AAF3FFD009992EC /* PBXTargetDependency */,
			);
			name = gasOaxTests;
			productName = gasOaxTests;
			productReference = FF7B50A51AAF3FFD009992EC /* gasOaxTests.xctest */;
			productType = "com.apple.product-type.bundle.unit-test";
		};
/* End PBXNativeTarget section */

/* Begin PBXProject section */
		FF7B50841AAF3FFD009992EC /* Project object */ = {
			isa = PBXProject;
			attributes = {
				LastUpgradeCheck = 0620;
				ORGANIZATIONNAME = felipe;
				TargetAttributes = {
					FF7B508B1AAF3FFD009992EC = {
						CreatedOnToolsVersion = 6.1.1;
						DevelopmentTeam = QXF33N93KH;
					};
					FF7B50A41AAF3FFD009992EC = {
						CreatedOnToolsVersion = 6.1.1;
						TestTargetID = FF7B508B1AAF3FFD009992EC;
					};
				};
			};
			buildConfigurationList = FF7B50871AAF3FFD009992EC /* Build configuration list for PBXProject "gasOax" */;
			compatibilityVersion = "Xcode 3.2";
			developmentRegion = English;
			hasScannedForEncodings = 0;
			knownRegions = (
				en,
				Base,
			);
			mainGroup = FF7B50831AAF3FFD009992EC;
			productRefGroup = FF7B508D1AAF3FFD009992EC /* Products */;
			projectDirPath = "";
			projectRoot = "";
			targets = (
				FF7B508B1AAF3FFD009992EC /* gasOax */,
				FF7B50A41AAF3FFD009992EC /* gasOaxTests */,
			);
		};
/* End PBXProject section */

/* Begin PBXResourcesBuildPhase section */
		FF7B508A1AAF3FFD009992EC /* Resources */ = {
			isa = PBXResourcesBuildPhase;
			buildActionMask = 2147483647;
			files = (
				FF922D5F1AB0E53E000D8CB3 /* btniconmap.png in Resources */,
				FF7B509B1AAF3FFD009992EC /* Main.storyboard in Resources */,
				FF7BB5B81ACE0EA600BCB932 /* loginout.png in Resources */,
				FF3119471ACF553C005A9301 /* add.png in Resources */,
				FF7048F31ACF6FD100B03290 /* delet.png in Resources */,
				FF922D541AB0B5E5000D8CB3 /* icon@2x.png in Resources */,
				FF922D441AB0A296000D8CB3 /* gasnatural.png in Resources */,
				FF922D5B1AB0E0A4000D8CB3 /* recarga.png in Resources */,
				FF922D661AB10046000D8CB3 /* atencion.png in Resources */,
				FF922D6F1AB3BA64000D8CB3 /* camera.png in Resources */,
				FF922D5D1AB0E48D000D8CB3 /* iconmap.png in Resources */,
				FF7BB5C31ACE472000BCB932 /* btniconderight.png in Resources */,
				FF7BB5C11ACE325400BCB932 /* mail2.png in Resources */,
				FF922D421AB0A14A000D8CB3 /* backgroundgasnatural.png in Resources */,
				FF922D6D1AB13A6A000D8CB3 /* backpago.jpg in Resources */,
				FF7B50A01AAF3FFD009992EC /* LaunchScreen.xib in Resources */,
				FF7048F51ACF827A00B03290 /* updates.png in Resources */,
				FF922D561AB0C8EC000D8CB3 /* btnicon.png in Resources */,
				FF7B509D1AAF3FFD009992EC /* Images.xcassets in Resources */,
				FF922D521AB0B59C000D8CB3 /* icon1@2x.png in Resources */,
				FF922D6B1AB13659000D8CB3 /* backCompra.png in Resources */,
				FF7B50B91AAF40A4009992EC /* GoogleMaps.bundle in Resources */,
			);
			runOnlyForDeploymentPostprocessing = 0;
		};
		FF7B50A31AAF3FFD009992EC /* Resources */ = {
			isa = PBXResourcesBuildPhase;
			buildActionMask = 2147483647;
			files = (
			);
			runOnlyForDeploymentPostprocessing = 0;
		};
/* End PBXResourcesBuildPhase section */

/* Begin PBXSourcesBuildPhase section */
		FF7B50881AAF3FFD009992EC /* Sources */ = {
			isa = PBXSourcesBuildPhase;
			buildActionMask = 2147483647;
			files = (
				FF922D621AB0E789000D8CB3 /* atencion.m in Sources */,
				FF7049291AD07B8900B03290 /* ruta.m in Sources */,
				FF72426A1ACDDB9C0090235A /* detalleLogin.m in Sources */,
				FF922D3C1AAFC22E000D8CB3 /* ubicacion.m in Sources */,
				FF7BB5C61ACF2E3000BCB932 /* ListaViewController.m in Sources */,
				FF7B50981AAF3FFD009992EC /* Home.m in Sources */,
				FF7BB5CC1ACF4C9900BCB932 /* cellTableServicio.m in Sources */,
				FF922D591AB0DE5A000D8CB3 /* compra.m in Sources */,
				FF7B50951AAF3FFD009992EC /* AppDelegate.m in Sources */,
				FF922D3F1AAFE588000D8CB3 /* pedido.m in Sources */,
				FF7B50921AAF3FFD009992EC /* main.m in Sources */,
				FFA032931ACC9DC500891DD0 /* LoginController.m in Sources */,
			);
			runOnlyForDeploymentPostprocessing = 0;
		};
		FF7B50A11AAF3FFD009992EC /* Sources */ = {
			isa = PBXSourcesBuildPhase;
			buildActionMask = 2147483647;
			files = (
				FF7B50AC1AAF3FFD009992EC /* gasOaxTests.m in Sources */,
			);
			runOnlyForDeploymentPostprocessing = 0;
		};
/* End PBXSourcesBuildPhase section */

/* Begin PBXTargetDependency section */
		FF7B50A71AAF3FFD009992EC /* PBXTargetDependency */ = {
			isa = PBXTargetDependency;
			target = FF7B508B1AAF3FFD009992EC /* gasOax */;
			targetProxy = FF7B50A61AAF3FFD009992EC /* PBXContainerItemProxy */;
		};
/* End PBXTargetDependency section */

/* Begin PBXVariantGroup section */
		FF7B50991AAF3FFD009992EC /* Main.storyboard */ = {
			isa = PBXVariantGroup;
			children = (
				FF7B509A1AAF3FFD009992EC /* Base */,
			);
			name = Main.storyboard;
			sourceTree = "<group>";
		};
		FF7B509E1AAF3FFD009992EC /* LaunchScreen.xib */ = {
			isa = PBXVariantGroup;
			children = (
				FF7B509F1AAF3FFD009992EC /* Base */,
			);
			name = LaunchScreen.xib;
			sourceTree = "<group>";
		};
/* End PBXVariantGroup section */

/* Begin XCBuildConfiguration section */
		FF7B50AD1AAF3FFD009992EC /* Debug */ = {
			isa = XCBuildConfiguration;
			buildSettings = {
				ALWAYS_SEARCH_USER_PATHS = NO;
				CLANG_CXX_LANGUAGE_STANDARD = "gnu++0x";
				CLANG_CXX_LIBRARY = "libc++";
				CLANG_ENABLE_MODULES = YES;
				CLANG_ENABLE_OBJC_ARC = YES;
				CLANG_WARN_BOOL_CONVERSION = YES;
				CLANG_WARN_CONSTANT_CONVERSION = YES;
				CLANG_WARN_DIRECT_OBJC_ISA_USAGE = YES_ERROR;
				CLANG_WARN_EMPTY_BODY = YES;
				CLANG_WARN_ENUM_CONVERSION = YES;
				CLANG_WARN_INT_CONVERSION = YES;
				CLANG_WARN_OBJC_ROOT_CLASS = YES_ERROR;
				CLANG_WARN_UNREACHABLE_CODE = YES;
				CLANG_WARN__DUPLICATE_METHOD_MATCH = YES;
				"CODE_SIGN_IDENTITY[sdk=iphoneos*]" = "iPhone Developer";
				COPY_PHASE_STRIP = NO;
				ENABLE_STRICT_OBJC_MSGSEND = YES;
				GCC_C_LANGUAGE_STANDARD = gnu99;
				GCC_DYNAMIC_NO_PIC = NO;
				GCC_OPTIMIZATION_LEVEL = 0;
				GCC_PREPROCESSOR_DEFINITIONS = (
					"DEBUG=1",
					"$(inherited)",
				);
				GCC_SYMBOLS_PRIVATE_EXTERN = NO;
				GCC_WARN_64_TO_32_BIT_CONVERSION = YES;
				GCC_WARN_ABOUT_RETURN_TYPE = YES_ERROR;
				GCC_WARN_UNDECLARED_SELECTOR = YES;
				GCC_WARN_UNINITIALIZED_AUTOS = YES_AGGRESSIVE;
				GCC_WARN_UNUSED_FUNCTION = YES;
				GCC_WARN_UNUSED_VARIABLE = YES;
				IPHONEOS_DEPLOYMENT_TARGET = 8.1;
				MTL_ENABLE_DEBUG_INFO = YES;
				ONLY_ACTIVE_ARCH = YES;
				SDKROOT = iphoneos;
				VALID_ARCHS = "arm64 armv7 armv7s i386";
			};
			name = Debug;
		};
		FF7B50AE1AAF3FFD009992EC /* Release */ = {
			isa = XCBuildConfiguration;
			buildSettings = {
				ALWAYS_SEARCH_USER_PATHS = NO;
				CLANG_CXX_LANGUAGE_STANDARD = "gnu++0x";
				CLANG_CXX_LIBRARY = "libc++";
				CLANG_ENABLE_MODULES = YES;
				CLANG_ENABLE_OBJC_ARC = YES;
				CLANG_WARN_BOOL_CONVERSION = YES;
				CLANG_WARN_CONSTANT_CONVERSION = YES;
				CLANG_WARN_DIRECT_OBJC_ISA_USAGE = YES_ERROR;
				CLANG_WARN_EMPTY_BODY = YES;
				CLANG_WARN_ENUM_CONVERSION = YES;
				CLANG_WARN_INT_CONVERSION = YES;
				CLANG_WARN_OBJC_ROOT_CLASS = YES_ERROR;
				CLANG_WARN_UNREACHABLE_CODE = YES;
				CLANG_WARN__DUPLICATE_METHOD_MATCH = YES;
				"CODE_SIGN_IDENTITY[sdk=iphoneos*]" = "iPhone Developer";
				COPY_PHASE_STRIP = YES;
				ENABLE_NS_ASSERTIONS = NO;
				ENABLE_STRICT_OBJC_MSGSEND = YES;
				GCC_C_LANGUAGE_STANDARD = gnu99;
				GCC_WARN_64_TO_32_BIT_CONVERSION = YES;
				GCC_WARN_ABOUT_RETURN_TYPE = YES_ERROR;
				GCC_WARN_UNDECLARED_SELECTOR = YES;
				GCC_WARN_UNINITIALIZED_AUTOS = YES_AGGRESSIVE;
				GCC_WARN_UNUSED_FUNCTION = YES;
				GCC_WARN_UNUSED_VARIABLE = YES;
				IPHONEOS_DEPLOYMENT_TARGET = 8.1;
				MTL_ENABLE_DEBUG_INFO = NO;
				ONLY_ACTIVE_ARCH = NO;
				SDKROOT = iphoneos;
				VALIDATE_PRODUCT = YES;
				VALID_ARCHS = "arm64 armv7 armv7s i386";
			};
			name = Release;
		};
		FF7B50B01AAF3FFD009992EC /* Debug */ = {
			isa = XCBuildConfiguration;
			buildSettings = {
				ASSETCATALOG_COMPILER_APPICON_NAME = AppIcon;
				CODE_SIGN_IDENTITY = "iPhone Developer";
				"CODE_SIGN_IDENTITY[sdk=iphoneos*]" = "iPhone Developer";
				FRAMEWORK_SEARCH_PATHS = (
					"$(inherited)",
					"$(PROJECT_DIR)",
					/Users/ieepo/Documents/FacebookSDK,
				);
				INFOPLIST_FILE = gasOax/Info.plist;
				IPHONEOS_DEPLOYMENT_TARGET = 8.1;
				LD_RUNPATH_SEARCH_PATHS = "$(inherited) @executable_path/Frameworks";
				OTHER_LDFLAGS = "-ObjC";
				PRODUCT_NAME = "$(TARGET_NAME)";
				PROVISIONING_PROFILE = "";
				TARGETED_DEVICE_FAMILY = 1;
				VALID_ARCHS = "arm64 armv7 armv7s i386";
			};
			name = Debug;
		};
		FF7B50B11AAF3FFD009992EC /* Release */ = {
			isa = XCBuildConfiguration;
			buildSettings = {
				ASSETCATALOG_COMPILER_APPICON_NAME = AppIcon;
				CODE_SIGN_IDENTITY = "iPhone Developer";
				"CODE_SIGN_IDENTITY[sdk=iphoneos*]" = "iPhone Developer";
				FRAMEWORK_SEARCH_PATHS = (
					"$(inherited)",
					"$(PROJECT_DIR)",
					/Users/ieepo/Documents/FacebookSDK,
				);
				INFOPLIST_FILE = gasOax/Info.plist;
				IPHONEOS_DEPLOYMENT_TARGET = 8.1;
				LD_RUNPATH_SEARCH_PATHS = "$(inherited) @executable_path/Frameworks";
				OTHER_LDFLAGS = "-ObjC";
				PRODUCT_NAME = "$(TARGET_NAME)";
				PROVISIONING_PROFILE = "";
				TARGETED_DEVICE_FAMILY = 1;
				VALID_ARCHS = "arm64 armv7 armv7s i386";
			};
			name = Release;
		};
		FF7B50B31AAF3FFD009992EC /* Debug */ = {
			isa = XCBuildConfiguration;
			buildSettings = {
				BUNDLE_LOADER = "$(TEST_HOST)";
				FRAMEWORK_SEARCH_PATHS = (
					"$(SDKROOT)/Developer/Library/Frameworks",
					"$(inherited)",
				);
				GCC_PREPROCESSOR_DEFINITIONS = (
					"DEBUG=1",
					"$(inherited)",
				);
				INFOPLIST_FILE = gasOaxTests/Info.plist;
				LD_RUNPATH_SEARCH_PATHS = "$(inherited) @executable_path/Frameworks @loader_path/Frameworks";
				PRODUCT_NAME = "$(TARGET_NAME)";
				TEST_HOST = "$(BUILT_PRODUCTS_DIR)/gasOax.app/gasOax";
			};
			name = Debug;
		};
		FF7B50B41AAF3FFD009992EC /* Release */ = {
			isa = XCBuildConfiguration;
			buildSettings = {
				BUNDLE_LOADER = "$(TEST_HOST)";
				FRAMEWORK_SEARCH_PATHS = (
					"$(SDKROOT)/Developer/Library/Frameworks",
					"$(inherited)",
				);
				INFOPLIST_FILE = gasOaxTests/Info.plist;
				LD_RUNPATH_SEARCH_PATHS = "$(inherited) @executable_path/Frameworks @loader_path/Frameworks";
				PRODUCT_NAME = "$(TARGET_NAME)";
				TEST_HOST = "$(BUILT_PRODUCTS_DIR)/gasOax.app/gasOax";
			};
			name = Release;
		};
/* End XCBuildConfiguration section */

/* Begin XCConfigurationList section */
		FF7B50871AAF3FFD009992EC /* Build configuration list for PBXProject "gasOax" */ = {
			isa = XCConfigurationList;
			buildConfigurations = (
				FF7B50AD1AAF3FFD009992EC /* Debug */,
				FF7B50AE1AAF3FFD009992EC /* Release */,
			);
			defaultConfigurationIsVisible = 0;
			defaultConfigurationName = Release;
		};
		FF7B50AF1AAF3FFD009992EC /* Build configuration list for PBXNativeTarget "gasOax" */ = {
			isa = XCConfigurationList;
			buildConfigurations = (
				FF7B50B01AAF3FFD009992EC /* Debug */,
				FF7B50B11AAF3FFD009992EC /* Release */,
			);
			defaultConfigurationIsVisible = 0;
			defaultConfigurationName = Release;
		};
		FF7B50B21AAF3FFD009992EC /* Build configuration list for PBXNativeTarget "gasOaxTests" */ = {
			isa = XCConfigurationList;
			buildConfigurations = (
				FF7B50B31AAF3FFD009992EC /* Debug */,
				FF7B50B41AAF3FFD009992EC /* Release */,
			);
			defaultConfigurationIsVisible = 0;
			defaultConfigurationName = Release;
		};
/* End XCConfigurationList section */
	};
	rootObject = FF7B50841AAF3FFD009992EC /* Project object */;
}
